
Microsoft Visual Studio Solution File, Format Version 12.00
# Visual Studio Version 16
VisualStudioVersion = 16.0.31205.134
MinimumVisualStudioVersion = 10.0.40219.1
Project("{FAE04EC0-301F-11D3-BF4B-00C04F79EFBC}") = "BarleyBreak", "BarleyBreak\BarleyBreak.csproj", "{736E654F-8854-4B30-9ED4-E207D9F1A649}"
EndProject
Global
	GlobalSection(SolutionConfigurationPlatforms) = preSolution
		Debug|Any CPU = Debug|Any CPU
		Release|Any CPU = Release|Any CPU
	EndGlobalSection
	GlobalSection(ProjectConfigurationPlatforms) = postSolution
		{736E654F-8854-4B30-9ED4-E207D9F1A649}.Debug|Any CPU.ActiveCfg = Debug|Any CPU
		{736E654F-8854-4B30-9ED4-E207D9F1A649}.Debug|Any CPU.Build.0 = Debug|Any CPU
		{736E654F-8854-4B30-9ED4-E207D9F1A649}.Release|Any CPU.ActiveCfg = Release|Any CPU
		{736E654F-8854-4B30-9ED4-E207D9F1A649}.Release|Any CPU.Build.0 = Release|Any CPU
	EndGlobalSection
	GlobalSection(SolutionProperties) = preSolution
		HideSolutionNode = FALSE
	EndGlobalSection
	GlobalSection(ExtensibilityGlobals) = postSolution
		SolutionGuid = {3EE2442D-5F6E-4261-A095-C96CC5A4DF6D}
	EndGlobalSection
EndGlobal
