
Microsoft Visual Studio Solution File, Format Version 12.00
# Visual Studio Version 16
VisualStudioVersion = 16.0.31205.134
MinimumVisualStudioVersion = 10.0.40219.1
Project("{FAE04EC0-301F-11D3-BF4B-00C04F79EFBC}") = "WPF_3", "WPF_3\WPF_3.csproj", "{89F473DB-F7D7-41EB-876A-665D86BBD354}"
EndProject
Global
	GlobalSection(SolutionConfigurationPlatforms) = preSolution
		Debug|Any CPU = Debug|Any CPU
		Release|Any CPU = Release|Any CPU
	EndGlobalSection
	GlobalSection(ProjectConfigurationPlatforms) = postSolution
		{89F473DB-F7D7-41EB-876A-665D86BBD354}.Debug|Any CPU.ActiveCfg = Debug|Any CPU
		{89F473DB-F7D7-41EB-876A-665D86BBD354}.Debug|Any CPU.Build.0 = Debug|Any CPU
		{89F473DB-F7D7-41EB-876A-665D86BBD354}.Release|Any CPU.ActiveCfg = Release|Any CPU
		{89F473DB-F7D7-41EB-876A-665D86BBD354}.Release|Any CPU.Build.0 = Release|Any CPU
	EndGlobalSection
	GlobalSection(SolutionProperties) = preSolution
		HideSolutionNode = FALSE
	EndGlobalSection
	GlobalSection(ExtensibilityGlobals) = postSolution
		SolutionGuid = {C3AD1205-0E73-412B-9A69-06408D9A372F}
	EndGlobalSection
EndGlobal
