
Microsoft Visual Studio Solution File, Format Version 12.00
# Visual Studio Version 17
VisualStudioVersion = 17.2.32602.215
MinimumVisualStudioVersion = 10.0.40219.1
Project("{FAE04EC0-301F-11D3-BF4B-00C04F79EFBC}") = "DB", "DB\DB.csproj", "{F45F4D80-DF32-4FE3-97F1-E505F96D5061}"
EndProject
Global
	GlobalSection(SolutionConfigurationPlatforms) = preSolution
		Debug|Any CPU = Debug|Any CPU
		Release|Any CPU = Release|Any CPU
	EndGlobalSection
	GlobalSection(ProjectConfigurationPlatforms) = postSolution
		{F45F4D80-DF32-4FE3-97F1-E505F96D5061}.Debug|Any CPU.ActiveCfg = Debug|Any CPU
		{F45F4D80-DF32-4FE3-97F1-E505F96D5061}.Debug|Any CPU.Build.0 = Debug|Any CPU
		{F45F4D80-DF32-4FE3-97F1-E505F96D5061}.Release|Any CPU.ActiveCfg = Release|Any CPU
		{F45F4D80-DF32-4FE3-97F1-E505F96D5061}.Release|Any CPU.Build.0 = Release|Any CPU
	EndGlobalSection
	GlobalSection(SolutionProperties) = preSolution
		HideSolutionNode = FALSE
	EndGlobalSection
	GlobalSection(ExtensibilityGlobals) = postSolution
		SolutionGuid = {D9D181CD-A450-4262-8BF2-46363B8303A6}
	EndGlobalSection
EndGlobal
