
Microsoft Visual Studio Solution File, Format Version 12.00
# Visual Studio Version 16
VisualStudioVersion = 16.0.31205.134
MinimumVisualStudioVersion = 10.0.40219.1
Project("{FAE04EC0-301F-11D3-BF4B-00C04F79EFBC}") = "09_MVVM", "09_MVVM.csproj", "{517FC445-B086-4301-9418-BB952131D37C}"
EndProject
Global
	GlobalSection(SolutionConfigurationPlatforms) = preSolution
		Debug|Any CPU = Debug|Any CPU
		Release|Any CPU = Release|Any CPU
	EndGlobalSection
	GlobalSection(ProjectConfigurationPlatforms) = postSolution
		{517FC445-B086-4301-9418-BB952131D37C}.Debug|Any CPU.ActiveCfg = Debug|Any CPU
		{517FC445-B086-4301-9418-BB952131D37C}.Debug|Any CPU.Build.0 = Debug|Any CPU
		{517FC445-B086-4301-9418-BB952131D37C}.Release|Any CPU.ActiveCfg = Release|Any CPU
		{517FC445-B086-4301-9418-BB952131D37C}.Release|Any CPU.Build.0 = Release|Any CPU
	EndGlobalSection
	GlobalSection(SolutionProperties) = preSolution
		HideSolutionNode = FALSE
	EndGlobalSection
	GlobalSection(ExtensibilityGlobals) = postSolution
		SolutionGuid = {AB0370DB-CFF5-4834-8BA7-640DE69986CA}
	EndGlobalSection
EndGlobal
