
Microsoft Visual Studio Solution File, Format Version 12.00
# Visual Studio Version 16
VisualStudioVersion = 16.0.31205.134
MinimumVisualStudioVersion = 10.0.40219.1
Project("{FAE04EC0-301F-11D3-BF4B-00C04F79EFBC}") = "WpfApp1", "WpfApp1\WpfApp1.csproj", "{A70167BD-CD10-45AD-94B6-719C3D21222F}"
EndProject
Global
	GlobalSection(SolutionConfigurationPlatforms) = preSolution
		Debug|Any CPU = Debug|Any CPU
		Release|Any CPU = Release|Any CPU
	EndGlobalSection
	GlobalSection(ProjectConfigurationPlatforms) = postSolution
		{A70167BD-CD10-45AD-94B6-719C3D21222F}.Debug|Any CPU.ActiveCfg = Debug|Any CPU
		{A70167BD-CD10-45AD-94B6-719C3D21222F}.Debug|Any CPU.Build.0 = Debug|Any CPU
		{A70167BD-CD10-45AD-94B6-719C3D21222F}.Release|Any CPU.ActiveCfg = Release|Any CPU
		{A70167BD-CD10-45AD-94B6-719C3D21222F}.Release|Any CPU.Build.0 = Release|Any CPU
	EndGlobalSection
	GlobalSection(SolutionProperties) = preSolution
		HideSolutionNode = FALSE
	EndGlobalSection
	GlobalSection(ExtensibilityGlobals) = postSolution
		SolutionGuid = {E9699562-1CB6-4DBD-924A-040A058151F0}
	EndGlobalSection
EndGlobal
