
Microsoft Visual Studio Solution File, Format Version 12.00
# Visual Studio Version 16
VisualStudioVersion = 16.0.31205.134
MinimumVisualStudioVersion = 10.0.40219.1
Project("{FAE04EC0-301F-11D3-BF4B-00C04F79EFBC}") = "TPL", "TPL\TPL.csproj", "{02C9EF08-0FE4-4349-9571-F87BB5426614}"
EndProject
Global
	GlobalSection(SolutionConfigurationPlatforms) = preSolution
		Debug|Any CPU = Debug|Any CPU
		Release|Any CPU = Release|Any CPU
	EndGlobalSection
	GlobalSection(ProjectConfigurationPlatforms) = postSolution
		{02C9EF08-0FE4-4349-9571-F87BB5426614}.Debug|Any CPU.ActiveCfg = Debug|Any CPU
		{02C9EF08-0FE4-4349-9571-F87BB5426614}.Debug|Any CPU.Build.0 = Debug|Any CPU
		{02C9EF08-0FE4-4349-9571-F87BB5426614}.Release|Any CPU.ActiveCfg = Release|Any CPU
		{02C9EF08-0FE4-4349-9571-F87BB5426614}.Release|Any CPU.Build.0 = Release|Any CPU
	EndGlobalSection
	GlobalSection(SolutionProperties) = preSolution
		HideSolutionNode = FALSE
	EndGlobalSection
	GlobalSection(ExtensibilityGlobals) = postSolution
		SolutionGuid = {C7A068B7-7726-4FA7-BC94-6F4F4BA23268}
	EndGlobalSection
EndGlobal
