
Microsoft Visual Studio Solution File, Format Version 12.00
# Visual Studio Version 17
VisualStudioVersion = 17.2.32602.215
MinimumVisualStudioVersion = 10.0.40219.1
Project("{9A19103F-16F7-4668-BE54-9A1E7A4F7556}") = "Web.Pizza", "Web.Pizza\Web.Pizza.csproj", "{07F91602-0157-413D-B7CC-64459BC44420}"
EndProject
Project("{9A19103F-16F7-4668-BE54-9A1E7A4F7556}") = "DB", "..\DB\DB\DB\DB.csproj", "{5E5A330A-7AD4-40A9-A45B-F0737B5DDDDA}"
EndProject
Global
	GlobalSection(SolutionConfigurationPlatforms) = preSolution
		Debug|Any CPU = Debug|Any CPU
		Release|Any CPU = Release|Any CPU
	EndGlobalSection
	GlobalSection(ProjectConfigurationPlatforms) = postSolution
		{07F91602-0157-413D-B7CC-64459BC44420}.Debug|Any CPU.ActiveCfg = Debug|Any CPU
		{07F91602-0157-413D-B7CC-64459BC44420}.Debug|Any CPU.Build.0 = Debug|Any CPU
		{07F91602-0157-413D-B7CC-64459BC44420}.Release|Any CPU.ActiveCfg = Release|Any CPU
		{07F91602-0157-413D-B7CC-64459BC44420}.Release|Any CPU.Build.0 = Release|Any CPU
		{5E5A330A-7AD4-40A9-A45B-F0737B5DDDDA}.Debug|Any CPU.ActiveCfg = Debug|Any CPU
		{5E5A330A-7AD4-40A9-A45B-F0737B5DDDDA}.Debug|Any CPU.Build.0 = Debug|Any CPU
		{5E5A330A-7AD4-40A9-A45B-F0737B5DDDDA}.Release|Any CPU.ActiveCfg = Release|Any CPU
		{5E5A330A-7AD4-40A9-A45B-F0737B5DDDDA}.Release|Any CPU.Build.0 = Release|Any CPU
	EndGlobalSection
	GlobalSection(SolutionProperties) = preSolution
		HideSolutionNode = FALSE
	EndGlobalSection
	GlobalSection(ExtensibilityGlobals) = postSolution
		SolutionGuid = {6680A88F-B048-46B7-BAC1-49D0BE08EEB4}
	EndGlobalSection
EndGlobal
