
Microsoft Visual Studio Solution File, Format Version 12.00
# Visual Studio Version 16
VisualStudioVersion = 16.0.31205.134
MinimumVisualStudioVersion = 10.0.40219.1
Project("{FAE04EC0-301F-11D3-BF4B-00C04F79EFBC}") = "BestOil", "BestOil\BestOil.csproj", "{B6ACC854-1768-4531-9153-F40EE8D20DBA}"
EndProject
Global
	GlobalSection(SolutionConfigurationPlatforms) = preSolution
		Debug|Any CPU = Debug|Any CPU
		Release|Any CPU = Release|Any CPU
	EndGlobalSection
	GlobalSection(ProjectConfigurationPlatforms) = postSolution
		{B6ACC854-1768-4531-9153-F40EE8D20DBA}.Debug|Any CPU.ActiveCfg = Debug|Any CPU
		{B6ACC854-1768-4531-9153-F40EE8D20DBA}.Debug|Any CPU.Build.0 = Debug|Any CPU
		{B6ACC854-1768-4531-9153-F40EE8D20DBA}.Release|Any CPU.ActiveCfg = Release|Any CPU
		{B6ACC854-1768-4531-9153-F40EE8D20DBA}.Release|Any CPU.Build.0 = Release|Any CPU
	EndGlobalSection
	GlobalSection(SolutionProperties) = preSolution
		HideSolutionNode = FALSE
	EndGlobalSection
	GlobalSection(ExtensibilityGlobals) = postSolution
		SolutionGuid = {0B70ED46-00F8-4640-B415-A72CD2CDB15A}
	EndGlobalSection
EndGlobal
