
Microsoft Visual Studio Solution File, Format Version 12.00
# Visual Studio Version 16
VisualStudioVersion = 16.0.31205.134
MinimumVisualStudioVersion = 10.0.40219.1
Project("{FAE04EC0-301F-11D3-BF4B-00C04F79EFBC}") = "WpfApp1", "WpfApp1\WpfApp1.csproj", "{77BB7A09-A3A2-4252-9B84-F538C8B93ADC}"
EndProject
Global
	GlobalSection(SolutionConfigurationPlatforms) = preSolution
		Debug|Any CPU = Debug|Any CPU
		Release|Any CPU = Release|Any CPU
	EndGlobalSection
	GlobalSection(ProjectConfigurationPlatforms) = postSolution
		{77BB7A09-A3A2-4252-9B84-F538C8B93ADC}.Debug|Any CPU.ActiveCfg = Debug|Any CPU
		{77BB7A09-A3A2-4252-9B84-F538C8B93ADC}.Debug|Any CPU.Build.0 = Debug|Any CPU
		{77BB7A09-A3A2-4252-9B84-F538C8B93ADC}.Release|Any CPU.ActiveCfg = Release|Any CPU
		{77BB7A09-A3A2-4252-9B84-F538C8B93ADC}.Release|Any CPU.Build.0 = Release|Any CPU
	EndGlobalSection
	GlobalSection(SolutionProperties) = preSolution
		HideSolutionNode = FALSE
	EndGlobalSection
	GlobalSection(ExtensibilityGlobals) = postSolution
		SolutionGuid = {CB9C9711-01B4-4D8F-9329-616EF9E97A04}
	EndGlobalSection
EndGlobal
